
Microsoft Visual Studio Solution File, Format Version 12.00
# Visual Studio Version 17
VisualStudioVersion = 17.14.37111.16 d17.14
MinimumVisualStudioVersion = 10.0.40219.1
Project("{FAE04EC0-301F-11D3-BF4B-00C04F79EFBC}") = "Lifebits-Api", "Lifebits-Api\Lifebits-Api.csproj", "{B59022C8-701D-4953-BF7B-9504D173638D}"
EndProject
Global
	GlobalSection(SolutionConfigurationPlatforms) = preSolution
		Debug|Any CPU = Debug|Any CPU
		Release|Any CPU = Release|Any CPU
	EndGlobalSection
	GlobalSection(ProjectConfigurationPlatforms) = postSolution
		{B59022C8-701D-4953-BF7B-9504D173638D}.Debug|Any CPU.ActiveCfg = Debug|Any CPU
		{B59022C8-701D-4953-BF7B-9504D173638D}.Debug|Any CPU.Build.0 = Debug|Any CPU
		{B59022C8-701D-4953-BF7B-9504D173638D}.Release|Any CPU.ActiveCfg = Release|Any CPU
		{B59022C8-701D-4953-BF7B-9504D173638D}.Release|Any CPU.Build.0 = Release|Any CPU
	EndGlobalSection
	GlobalSection(SolutionProperties) = preSolution
		HideSolutionNode = FALSE
	EndGlobalSection
	GlobalSection(ExtensibilityGlobals) = postSolution
		SolutionGuid = {008E7699-CD05-4CB2-97AB-F0058FCE4B54}
	EndGlobalSection
EndGlobal
